
Microsoft Visual Studio Solution File, Format Version 12.00
# Visual Studio Version 17
VisualStudioVersion = 17.1.32228.430
MinimumVisualStudioVersion = 10.0.40219.1
Project("{F184B08F-C81C-45F6-A57F-5ABD9991F28F}") = "Mailler", "Mailler\Mailler.vbproj", "{65587218-29FC-4FD9-8E04-609AFD2350EC}"
EndProject
Project("{F184B08F-C81C-45F6-A57F-5ABD9991F28F}") = "MailTest", "MailTest\MailTest.vbproj", "{E826B81F-D182-49AA-BC4B-770A5620CAD3}"
EndProject
Global
	GlobalSection(SolutionConfigurationPlatforms) = preSolution
		Debug|Any CPU = Debug|Any CPU
		Release|Any CPU = Release|Any CPU
	EndGlobalSection
	GlobalSection(ProjectConfigurationPlatforms) = postSolution
		{65587218-29FC-4FD9-8E04-609AFD2350EC}.Debug|Any CPU.ActiveCfg = Debug|Any CPU
		{65587218-29FC-4FD9-8E04-609AFD2350EC}.Debug|Any CPU.Build.0 = Debug|Any CPU
		{65587218-29FC-4FD9-8E04-609AFD2350EC}.Release|Any CPU.ActiveCfg = Release|Any CPU
		{65587218-29FC-4FD9-8E04-609AFD2350EC}.Release|Any CPU.Build.0 = Release|Any CPU
		{E826B81F-D182-49AA-BC4B-770A5620CAD3}.Debug|Any CPU.ActiveCfg = Debug|Any CPU
		{E826B81F-D182-49AA-BC4B-770A5620CAD3}.Debug|Any CPU.Build.0 = Debug|Any CPU
		{E826B81F-D182-49AA-BC4B-770A5620CAD3}.Release|Any CPU.ActiveCfg = Release|Any CPU
		{E826B81F-D182-49AA-BC4B-770A5620CAD3}.Release|Any CPU.Build.0 = Release|Any CPU
	EndGlobalSection
	GlobalSection(SolutionProperties) = preSolution
		HideSolutionNode = FALSE
	EndGlobalSection
	GlobalSection(ExtensibilityGlobals) = postSolution
		SolutionGuid = {04CA45C9-A4AD-41BD-B158-CF7892F74684}
	EndGlobalSection
EndGlobal
